
Microsoft Visual Studio Solution File, Format Version 12.00
# Visual Studio Version 17
VisualStudioVersion = 17.13.35931.197
MinimumVisualStudioVersion = 10.0.40219.1
Project("{2150E333-8FDC-42A3-9474-1A3956D46DE8}") = "Src", "Src", "{02EA681E-C7D8-13C7-8484-4AC65E1B71E8}"
EndProject
Project("{2150E333-8FDC-42A3-9474-1A3956D46DE8}") = "Services", "Services", "{5F48207D-8A12-4BDF-9339-3A7913DCC274}"
EndProject
Project("{2150E333-8FDC-42A3-9474-1A3956D46DE8}") = "IDPService", "IDPService", "{4CD62E15-3E84-48DB-8A31-ADFCA27B7519}"
EndProject
Project("{FAE04EC0-301F-11D3-BF4B-00C04F79EFBC}") = "IDP.Api", "Src\Services\IDPService\IDP.Api\IDP.Api.csproj", "{E26F8AC6-E439-47AA-9725-5BF70CC09067}"
EndProject
Project("{FAE04EC0-301F-11D3-BF4B-00C04F79EFBC}") = "IDP.Domain", "Src\Services\IDPService\IDP.Domain\IDP.Domain.csproj", "{E81BBB63-57EA-4042-89E3-9835DE7DBFD7}"
EndProject
Project("{FAE04EC0-301F-11D3-BF4B-00C04F79EFBC}") = "IDP.Application", "Src\Services\IDPService\IDP.Application\IDP.Application.csproj", "{8815A17D-681D-4640-8B06-05F87A49B15E}"
EndProject
Project("{FAE04EC0-301F-11D3-BF4B-00C04F79EFBC}") = "IDP.Infra", "Src\Services\IDPService\IDP.Infra\IDP.Infra.csproj", "{7DA16C68-8F79-4278-9187-7088EC94D16D}"
EndProject
Project("{FAE04EC0-301F-11D3-BF4B-00C04F79EFBC}") = "IDP.Ioc", "Src\Services\IDPService\IDP.Ioc\IDP.Ioc.csproj", "{C77EBE0D-155F-4E9B-8E5F-5A65DAC63CDD}"
EndProject
Project("{FAE04EC0-301F-11D3-BF4B-00C04F79EFBC}") = "IDP.UnitTest", "Src\Services\IDPService\IDP.UnitTest\IDP.UnitTest.csproj", "{997DDCFF-485D-4FC0-A82D-BC8B95A5AF1B}"
EndProject
Project("{2150E333-8FDC-42A3-9474-1A3956D46DE8}") = "Common", "Common", "{2B40EDCD-FA6B-46EE-850C-2F5DDE34970D}"
EndProject
Project("{2150E333-8FDC-42A3-9474-1A3956D46DE8}") = "CatalogService", "CatalogService", "{532F1DDE-1B9A-473D-A14E-68B9F6A423A7}"
EndProject
Project("{2150E333-8FDC-42A3-9474-1A3956D46DE8}") = "SearchService", "SearchService", "{BCD1253A-114D-48A4-910E-4CB6DE9F049B}"
EndProject
Project("{2150E333-8FDC-42A3-9474-1A3956D46DE8}") = "BasketService", "BasketService", "{1F1D2A27-3850-4D08-9585-69905E244D89}"
EndProject
Project("{2150E333-8FDC-42A3-9474-1A3956D46DE8}") = "OrderService", "OrderService", "{E7A6DACC-4A96-4D64-A5FE-C59379606399}"
EndProject
Project("{2150E333-8FDC-42A3-9474-1A3956D46DE8}") = "ReportService", "ReportService", "{80545875-D42E-40B9-AB5D-A9397D081242}"
EndProject
Project("{2150E333-8FDC-42A3-9474-1A3956D46DE8}") = "ApiGetway", "ApiGetway", "{3BDEF2E0-B507-4407-B690-6E96B7171553}"
EndProject
Project("{FAE04EC0-301F-11D3-BF4B-00C04F79EFBC}") = "Auth", "Src\Common\Auth\Auth.csproj", "{6B32573D-A491-4EC6-8ADC-322D898ABEE3}"
EndProject
Global
	GlobalSection(SolutionConfigurationPlatforms) = preSolution
		Debug|Any CPU = Debug|Any CPU
		Release|Any CPU = Release|Any CPU
	EndGlobalSection
	GlobalSection(ProjectConfigurationPlatforms) = postSolution
		{E26F8AC6-E439-47AA-9725-5BF70CC09067}.Debug|Any CPU.ActiveCfg = Debug|Any CPU
		{E26F8AC6-E439-47AA-9725-5BF70CC09067}.Debug|Any CPU.Build.0 = Debug|Any CPU
		{E26F8AC6-E439-47AA-9725-5BF70CC09067}.Release|Any CPU.ActiveCfg = Release|Any CPU
		{E26F8AC6-E439-47AA-9725-5BF70CC09067}.Release|Any CPU.Build.0 = Release|Any CPU
		{E81BBB63-57EA-4042-89E3-9835DE7DBFD7}.Debug|Any CPU.ActiveCfg = Debug|Any CPU
		{E81BBB63-57EA-4042-89E3-9835DE7DBFD7}.Debug|Any CPU.Build.0 = Debug|Any CPU
		{E81BBB63-57EA-4042-89E3-9835DE7DBFD7}.Release|Any CPU.ActiveCfg = Release|Any CPU
		{E81BBB63-57EA-4042-89E3-9835DE7DBFD7}.Release|Any CPU.Build.0 = Release|Any CPU
		{8815A17D-681D-4640-8B06-05F87A49B15E}.Debug|Any CPU.ActiveCfg = Debug|Any CPU
		{8815A17D-681D-4640-8B06-05F87A49B15E}.Debug|Any CPU.Build.0 = Debug|Any CPU
		{8815A17D-681D-4640-8B06-05F87A49B15E}.Release|Any CPU.ActiveCfg = Release|Any CPU
		{8815A17D-681D-4640-8B06-05F87A49B15E}.Release|Any CPU.Build.0 = Release|Any CPU
		{7DA16C68-8F79-4278-9187-7088EC94D16D}.Debug|Any CPU.ActiveCfg = Debug|Any CPU
		{7DA16C68-8F79-4278-9187-7088EC94D16D}.Debug|Any CPU.Build.0 = Debug|Any CPU
		{7DA16C68-8F79-4278-9187-7088EC94D16D}.Release|Any CPU.ActiveCfg = Release|Any CPU
		{7DA16C68-8F79-4278-9187-7088EC94D16D}.Release|Any CPU.Build.0 = Release|Any CPU
		{C77EBE0D-155F-4E9B-8E5F-5A65DAC63CDD}.Debug|Any CPU.ActiveCfg = Debug|Any CPU
		{C77EBE0D-155F-4E9B-8E5F-5A65DAC63CDD}.Debug|Any CPU.Build.0 = Debug|Any CPU
		{C77EBE0D-155F-4E9B-8E5F-5A65DAC63CDD}.Release|Any CPU.ActiveCfg = Release|Any CPU
		{C77EBE0D-155F-4E9B-8E5F-5A65DAC63CDD}.Release|Any CPU.Build.0 = Release|Any CPU
		{997DDCFF-485D-4FC0-A82D-BC8B95A5AF1B}.Debug|Any CPU.ActiveCfg = Debug|Any CPU
		{997DDCFF-485D-4FC0-A82D-BC8B95A5AF1B}.Debug|Any CPU.Build.0 = Debug|Any CPU
		{997DDCFF-485D-4FC0-A82D-BC8B95A5AF1B}.Release|Any CPU.ActiveCfg = Release|Any CPU
		{997DDCFF-485D-4FC0-A82D-BC8B95A5AF1B}.Release|Any CPU.Build.0 = Release|Any CPU
		{6B32573D-A491-4EC6-8ADC-322D898ABEE3}.Debug|Any CPU.ActiveCfg = Debug|Any CPU
		{6B32573D-A491-4EC6-8ADC-322D898ABEE3}.Debug|Any CPU.Build.0 = Debug|Any CPU
		{6B32573D-A491-4EC6-8ADC-322D898ABEE3}.Release|Any CPU.ActiveCfg = Release|Any CPU
		{6B32573D-A491-4EC6-8ADC-322D898ABEE3}.Release|Any CPU.Build.0 = Release|Any CPU
	EndGlobalSection
	GlobalSection(SolutionProperties) = preSolution
		HideSolutionNode = FALSE
	EndGlobalSection
	GlobalSection(NestedProjects) = preSolution
		{5F48207D-8A12-4BDF-9339-3A7913DCC274} = {02EA681E-C7D8-13C7-8484-4AC65E1B71E8}
		{4CD62E15-3E84-48DB-8A31-ADFCA27B7519} = {5F48207D-8A12-4BDF-9339-3A7913DCC274}
		{E26F8AC6-E439-47AA-9725-5BF70CC09067} = {4CD62E15-3E84-48DB-8A31-ADFCA27B7519}
		{E81BBB63-57EA-4042-89E3-9835DE7DBFD7} = {4CD62E15-3E84-48DB-8A31-ADFCA27B7519}
		{8815A17D-681D-4640-8B06-05F87A49B15E} = {4CD62E15-3E84-48DB-8A31-ADFCA27B7519}
		{7DA16C68-8F79-4278-9187-7088EC94D16D} = {4CD62E15-3E84-48DB-8A31-ADFCA27B7519}
		{C77EBE0D-155F-4E9B-8E5F-5A65DAC63CDD} = {4CD62E15-3E84-48DB-8A31-ADFCA27B7519}
		{997DDCFF-485D-4FC0-A82D-BC8B95A5AF1B} = {4CD62E15-3E84-48DB-8A31-ADFCA27B7519}
		{2B40EDCD-FA6B-46EE-850C-2F5DDE34970D} = {02EA681E-C7D8-13C7-8484-4AC65E1B71E8}
		{532F1DDE-1B9A-473D-A14E-68B9F6A423A7} = {5F48207D-8A12-4BDF-9339-3A7913DCC274}
		{BCD1253A-114D-48A4-910E-4CB6DE9F049B} = {5F48207D-8A12-4BDF-9339-3A7913DCC274}
		{1F1D2A27-3850-4D08-9585-69905E244D89} = {5F48207D-8A12-4BDF-9339-3A7913DCC274}
		{E7A6DACC-4A96-4D64-A5FE-C59379606399} = {5F48207D-8A12-4BDF-9339-3A7913DCC274}
		{80545875-D42E-40B9-AB5D-A9397D081242} = {5F48207D-8A12-4BDF-9339-3A7913DCC274}
		{3BDEF2E0-B507-4407-B690-6E96B7171553} = {5F48207D-8A12-4BDF-9339-3A7913DCC274}
		{6B32573D-A491-4EC6-8ADC-322D898ABEE3} = {2B40EDCD-FA6B-46EE-850C-2F5DDE34970D}
	EndGlobalSection
	GlobalSection(ExtensibilityGlobals) = postSolution
		SolutionGuid = {CBAE27C3-423A-4B1D-ABA5-AD078D782B28}
	EndGlobalSection
EndGlobal
